
Microsoft Visual Studio Solution File, Format Version 12.00
# Visual Studio Version 16
VisualStudioVersion = 16.0.28922.388
MinimumVisualStudioVersion = 10.0.40219.1
Project("{9A19103F-16F7-4668-BE54-9A1E7A4F7556}") = "Apex.Serialization.Tests", "Tests\Apex.Serialization.Tests\Apex.Serialization.Tests.csproj", "{5D4D610E-5150-4C86-BF63-46519A77C903}"
EndProject
Project("{9A19103F-16F7-4668-BE54-9A1E7A4F7556}") = "Benchmark", "Benchmark\Benchmark.csproj", "{E075BE84-F452-483B-901F-D579ACCC86FB}"
EndProject
Project("{9A19103F-16F7-4668-BE54-9A1E7A4F7556}") = "Apex.Serialization", "Apex.Serialization\Apex.Serialization.csproj", "{9F499194-AE14-47E3-98D2-E60328CE0976}"
EndProject
Project("{2150E333-8FDC-42A3-9474-1A3956D46DE8}") = "Solution Items", "Solution Items", "{914870ED-8CF3-43D7-8E9C-03F4A51F8C03}"
	ProjectSection(SolutionItems) = preProject
		azure-pipelines.yml = azure-pipelines.yml
		README.md = README.md
	EndProjectSection
EndProject
Project("{2150E333-8FDC-42A3-9474-1A3956D46DE8}") = "BenchmarkCases", "BenchmarkCases", "{3EE2B0EA-5F17-48B4-99D0-A133E2FC93C7}"
	ProjectSection(SolutionItems) = preProject
		BenchmarkCases\Functions.md = BenchmarkCases\Functions.md
		BenchmarkCases\IntArray.md = BenchmarkCases\IntArray.md
		BenchmarkCases\LargeGraph.md = BenchmarkCases\LargeGraph.md
		BenchmarkCases\PerformanceSuite.md = BenchmarkCases\PerformanceSuite.md
		BenchmarkCases\Poco.md = BenchmarkCases\Poco.md
	EndProjectSection
EndProject
Project("{FAE04EC0-301F-11D3-BF4B-00C04F79EFBC}") = "DeserializeTest", "DeserializeTest\DeserializeTest.csproj", "{7BA9ACDF-CD72-4E7C-9264-EAAEC80CAC85}"
EndProject
Global
	GlobalSection(SolutionConfigurationPlatforms) = preSolution
		Debug|Any CPU = Debug|Any CPU
		Release|Any CPU = Release|Any CPU
	EndGlobalSection
	GlobalSection(ProjectConfigurationPlatforms) = postSolution
		{5D4D610E-5150-4C86-BF63-46519A77C903}.Debug|Any CPU.ActiveCfg = Debug|Any CPU
		{5D4D610E-5150-4C86-BF63-46519A77C903}.Debug|Any CPU.Build.0 = Debug|Any CPU
		{5D4D610E-5150-4C86-BF63-46519A77C903}.Release|Any CPU.ActiveCfg = Release|Any CPU
		{5D4D610E-5150-4C86-BF63-46519A77C903}.Release|Any CPU.Build.0 = Release|Any CPU
		{E075BE84-F452-483B-901F-D579ACCC86FB}.Debug|Any CPU.ActiveCfg = Debug|Any CPU
		{E075BE84-F452-483B-901F-D579ACCC86FB}.Debug|Any CPU.Build.0 = Debug|Any CPU
		{E075BE84-F452-483B-901F-D579ACCC86FB}.Release|Any CPU.ActiveCfg = Release|Any CPU
		{E075BE84-F452-483B-901F-D579ACCC86FB}.Release|Any CPU.Build.0 = Release|Any CPU
		{9F499194-AE14-47E3-98D2-E60328CE0976}.Debug|Any CPU.ActiveCfg = Debug|Any CPU
		{9F499194-AE14-47E3-98D2-E60328CE0976}.Debug|Any CPU.Build.0 = Debug|Any CPU
		{9F499194-AE14-47E3-98D2-E60328CE0976}.Release|Any CPU.ActiveCfg = Release|Any CPU
		{9F499194-AE14-47E3-98D2-E60328CE0976}.Release|Any CPU.Build.0 = Release|Any CPU
		{7BA9ACDF-CD72-4E7C-9264-EAAEC80CAC85}.Debug|Any CPU.ActiveCfg = Debug|Any CPU
		{7BA9ACDF-CD72-4E7C-9264-EAAEC80CAC85}.Debug|Any CPU.Build.0 = Debug|Any CPU
		{7BA9ACDF-CD72-4E7C-9264-EAAEC80CAC85}.Release|Any CPU.ActiveCfg = Release|Any CPU
		{7BA9ACDF-CD72-4E7C-9264-EAAEC80CAC85}.Release|Any CPU.Build.0 = Release|Any CPU
	EndGlobalSection
	GlobalSection(SolutionProperties) = preSolution
		HideSolutionNode = FALSE
	EndGlobalSection
	GlobalSection(NestedProjects) = preSolution
		{3EE2B0EA-5F17-48B4-99D0-A133E2FC93C7} = {914870ED-8CF3-43D7-8E9C-03F4A51F8C03}
	EndGlobalSection
	GlobalSection(ExtensibilityGlobals) = postSolution
		SolutionGuid = {67F58515-84BE-4C20-949D-2F6AAED5F482}
	EndGlobalSection
EndGlobal
