
Microsoft Visual Studio Solution File, Format Version 12.00
# Visual Studio 15
VisualStudioVersion = 15.0.28307.106
MinimumVisualStudioVersion = 10.0.40219.1
Project("{9A19103F-16F7-4668-BE54-9A1E7A4F7556}") = "Apex.Serialization", "Apex.Serialization.csproj", "{7A484069-D9DE-4E99-8F06-BFD67A71ABAE}"
EndProject
Project("{9A19103F-16F7-4668-BE54-9A1E7A4F7556}") = "Apex.Serialization.Tests", "Tests\Apex.Serialization.Tests\Apex.Serialization.Tests.csproj", "{5D4D610E-5150-4C86-BF63-46519A77C903}"
EndProject
Global
	GlobalSection(SolutionConfigurationPlatforms) = preSolution
		Debug|Any CPU = Debug|Any CPU
		Release|Any CPU = Release|Any CPU
	EndGlobalSection
	GlobalSection(ProjectConfigurationPlatforms) = postSolution
		{7A484069-D9DE-4E99-8F06-BFD67A71ABAE}.Debug|Any CPU.ActiveCfg = Debug|Any CPU
		{7A484069-D9DE-4E99-8F06-BFD67A71ABAE}.Debug|Any CPU.Build.0 = Debug|Any CPU
		{7A484069-D9DE-4E99-8F06-BFD67A71ABAE}.Release|Any CPU.ActiveCfg = Release|Any CPU
		{7A484069-D9DE-4E99-8F06-BFD67A71ABAE}.Release|Any CPU.Build.0 = Release|Any CPU
		{5D4D610E-5150-4C86-BF63-46519A77C903}.Debug|Any CPU.ActiveCfg = Debug|Any CPU
		{5D4D610E-5150-4C86-BF63-46519A77C903}.Debug|Any CPU.Build.0 = Debug|Any CPU
		{5D4D610E-5150-4C86-BF63-46519A77C903}.Release|Any CPU.ActiveCfg = Release|Any CPU
		{5D4D610E-5150-4C86-BF63-46519A77C903}.Release|Any CPU.Build.0 = Release|Any CPU
	EndGlobalSection
	GlobalSection(SolutionProperties) = preSolution
		HideSolutionNode = FALSE
	EndGlobalSection
	GlobalSection(ExtensibilityGlobals) = postSolution
		SolutionGuid = {67F58515-84BE-4C20-949D-2F6AAED5F482}
	EndGlobalSection
EndGlobal
